# This file is automatically generated - do not edit it directly.
# Use https://weblate.rob006.net/projects/flarum/fof-spamblock/zh_Hans/ for translation.
# You can read more about the process at https://github.com/rob006-software/flarum-translations/wiki.

fof-spamblock:
  admin:
    permissions:
      spamblock_users_label: 标记垃圾用户
  forum:
    user_controls:
      spammer_button: 垃圾用户
      spammer_confirmation: "您确定要\n• 隐藏该用户的全部主题及回复\n• [flarum/suspend] 封禁此用户"
