# This file is automatically generated - do not edit it directly.
# Use https://weblate.rob006.net/projects/flarum2/linkrobins-auto-lock/zh_Hans/ for translation.
# You can read more about the process at https://github.com/rob006-software/flarum-translations/wiki.

linkrobins-auto-lock:
  admin:
    settings:
      days_help: '自最后一篇帖子起计算，最少 1 天。'
      days_label: 无人回复多少天后锁定
      description: 自动锁定长期无人回复的讨论，避免旧讨论继续收到新的回复。
      enabled_help: 默认关闭。关闭期间不会自动锁定任何讨论。
      enabled_label: 自动锁定长期无人回复的讨论
      exempt_tags_help: 含有任意一个所选标签的讨论，无论多久无人回复都不会锁定。
      exempt_tags_label: 永不自动锁定的标签
      exempt_tags_loading: 正在加载标签…
      post_notice_help: 自动锁定讨论时添加一行说明，告知讨论因多久无人回复而被锁定。关闭后，讨论只会直接锁定，不显示原因。
      post_notice_label: 自动锁定时在讨论中留下说明
      scheduler_notice: '此功能通过 Flarum 计划任务运行，因此只有服务器每分钟执行一次 schedule:run 命令时才会生效。若想在不作任何更改的情况下预览执行结果，可使用 --dry-run 参数运行 auto-lock 命令。'
      show_countdown_help: 在讨论仍可回复时，提醒成员该讨论即将自动锁定。
      show_countdown_label: 在回复框上方显示倒计时
      title: 自动锁定
  forum:
    countdown:
      day: 若无人回复，此讨论将在明天自动锁定。
      days: '若无人回复，此讨论将在 {count} 天后自动锁定。'
      title: '连续 {days} 天无人回复的讨论将自动锁定。'
      today: 若无人回复，此讨论将在今天自动锁定。
    post:
      locked: '连续 {count} 天无人回复后自动锁定。'
