# This file is automatically generated - do not edit it directly.
# Use https://weblate.rob006.net/projects/flarum/litalino-adblock/zh_Hans/ for translation.
# You can read more about the process at https://github.com/rob006-software/flarum-translations/wiki.

adblock:
  admin:
    adblock-div: 在出现html代码的位置添加横幅标记
    adblock-div-placeholder: '例如"#content, .App-content, .IndexPage, container"'
    adblock-img: 图片
    adblock-img-placeholder: 'https://domain/picture.png'
    adblock-url: 链接
    adblock-url-placeholder: 'https://domain'
